PODS:
  - BoringSSL (10.0.6):
    - BoringSSL/Implementation (= 10.0.6)
    - BoringSSL/Interface (= 10.0.6)
  - BoringSSL/Implementation (10.0.6):
    - BoringSSL/Interface (= 10.0.6)
  - BoringSSL/Interface (10.0.6)
  - Differentiator (3.1.0)
  - GoogleSignIn (4.4.0):
    - "GoogleToolboxForMac/NSDictionary+URLArguments (~> 2.1)"
    - "GoogleToolboxForMac/NSString+URLArguments (~> 2.1)"
    - GTMSessionFetcher/Core (~> 1.1)
  - GoogleToolboxForMac/DebugUtils (2.2.0):
    - GoogleToolboxForMac/Defines (= 2.2.0)
  - GoogleToolboxForMac/Defines (2.2.0)
  - "GoogleToolboxForMac/NSDictionary+URLArguments (2.2.0)":
    - GoogleToolboxForMac/DebugUtils (= 2.2.0)
    - GoogleToolboxForMac/Defines (= 2.2.0)
    - "GoogleToolboxForMac/NSString+URLArguments (= 2.2.0)"
  - "GoogleToolboxForMac/NSString+URLArguments (2.2.0)"
  - gRPC-Core (1.12.0):
    - gRPC-Core/Implementation (= 1.12.0)
    - gRPC-Core/Interface (= 1.12.0)
  - gRPC-Core/Implementation (1.12.0):
    - BoringSSL (~> 10.0)
    - gRPC-Core/Interface (= 1.12.0)
    - nanopb (~> 0.3)
  - gRPC-Core/Interface (1.12.0)
  - GTMSessionFetcher/Core (1.2.1)
  - KeychainAccess (3.1.2)
  - nanopb (0.3.901):
    - nanopb/decode (= 0.3.901)
    - nanopb/encode (= 0.3.901)
  - nanopb/decode (0.3.901)
  - nanopb/encode (0.3.901)
  - RxAtomic (4.4.2)
  - RxCocoa (4.4.2):
    - RxSwift (>= 4.4.2, ~> 4.4)
  - RxDataSources (3.1.0):
    - Differentiator (~> 3.0)
    - RxCocoa (~> 4.0)
    - RxSwift (~> 4.0)
  - RxKeyboard (0.9.0):
    - RxCocoa (>= 4.3.1)
    - RxSwift (>= 4.3.1)
  - RxSwift (4.4.2):
    - RxAtomic (>= 4.4.2, ~> 4.4)
  - SideMenu (5.0.3)
  - SwiftGRPC (0.6.0):
    - BoringSSL (~> 10.0)
    - gRPC-Core (~> 1.12.0)
    - SwiftProtobuf (~> 1.1.1)
  - SwiftProtobuf (1.1.2)
  - Then (2.4.0)

DEPENDENCIES:
  - GoogleSignIn (~> 4.4.0)
  - KeychainAccess (~> 3.1.2)
  - RxCocoa (~> 4.4)
  - RxDataSources (~> 3.1.0)
  - RxKeyboard (~> 0.9.0)
  - RxSwift (~> 4.4)
  - SideMenu (~> 5.0.3)
  - SwiftGRPC (~> 0.6.0)
  - Then (~> 2.4.0)

SPEC REPOS:
  https://github.com/cocoapods/specs.git:
    - BoringSSL
    - Differentiator
    - GoogleSignIn
    - GoogleToolboxForMac
    - gRPC-Core
    - GTMSessionFetcher
    - KeychainAccess
    - nanopb
    - RxAtomic
    - RxCocoa
    - RxDataSources
    - RxKeyboard
    - RxSwift
    - SideMenu
    - SwiftGRPC
    - SwiftProtobuf
    - Then

SPEC CHECKSUMS:
  BoringSSL: e10f92a27043805c01071fe815a5cd98ae8212e7
  Differentiator: be49ca3408f0ecfc761e4c7763d20c62be01b9ad
  GoogleSignIn: 7ff245e1a7b26d379099d3243a562f5747e23d39
  GoogleToolboxForMac: ff31605b7d66400dcec09bed5861689aebadda4d
  gRPC-Core: 9696b220565b283e021cf2722d473a4a74b7622a
  GTMSessionFetcher: 32aeca0aa144acea523e1c8e053089dec2cb98ca
  KeychainAccess: b3816fddcf28aa29d94b10ec305cd52be14c472b
  nanopb: 2901f78ea1b7b4015c860c2fdd1ea2fee1a18d48
  RxAtomic: d00e97c10db88c6f08540e0bf2752fc5a2404167
  RxCocoa: 477990dc3b4c3ff55fb0ac77e1cc06244e0aaec8
  RxDataSources: a843bad90c29817f5923ec8163f4af2de084ceb3
  RxKeyboard: 4f782303f499f41577b41c96c6a9a5d7acd51a47
  RxSwift: 74c29b693c8e42b0f64400e8b06564575742d649
  SideMenu: 1dcaabce84538c53325c287f7fe62999379a641c
  SwiftGRPC: 465792c0e09dcb083d19d97137cee71b4f4f8b6f
  SwiftProtobuf: 7147b8ec19c8c0694a45155d989ea9e6dedaf51f
  Then: 71866660c7af35a7343831f7668e7cd2b62ee0f2

PODFILE CHECKSUM: fbf7d587c2985af93970222cf1cf20c8bdf309c0

COCOAPODS: 1.5.3
