// !$*UTF8*$!
{
	archiveVersion = 1;
	classes = {
	};
	objectVersion = 50;
	objects = {

/* Begin PBXBuildFile section */
		17C3506AE2D3122C4FF31FA6 /* Pods_Taeho_iOS.framework in Frameworks */ = {isa = PBXBuildFile; fileRef = 995D887E8606A94CA2DB4701 /* Pods_Taeho_iOS.framework */; };
		696FDA98828001C16B646091 /* Pods_Taeho_iOSUITests.framework in Frameworks */ = {isa = PBXBuildFile; fileRef = E01B8E876A2A68A139B020ED /* Pods_Taeho_iOSUITests.framework */; };
		74068DA321FDA173003F6B8B /* SideMenuViewController.swift in Sources */ = {isa = PBXBuildFile; fileRef = 74068DA221FDA173003F6B8B /* SideMenuViewController.swift */; };
		742D115A21FD727E00DEA23B /* SettingsTableViewController.swift in Sources */ = {isa = PBXBuildFile; fileRef = 742D115921FD727E00DEA23B /* SettingsTableViewController.swift */; };
		744B5C4721EB0E8B00D09BAF /* user.grpc-rx.swift in Sources */ = {isa = PBXBuildFile; fileRef = 744B5C4621EB0E8A00D09BAF /* user.grpc-rx.swift */; };
		74A19B0B21E71275006467FA /* LaunchNavigationController.swift in Sources */ = {isa = PBXBuildFile; fileRef = 74A19B0A21E71275006467FA /* LaunchNavigationController.swift */; };
		74A19B0D21E71340006467FA /* LaunchViewController.swift in Sources */ = {isa = PBXBuildFile; fileRef = 74A19B0C21E71340006467FA /* LaunchViewController.swift */; };
		74A19B0F21E71701006467FA /* SignInViewController.swift in Sources */ = {isa = PBXBuildFile; fileRef = 74A19B0E21E71701006467FA /* SignInViewController.swift */; };
		74A19B1121E722E7006467FA /* UIActivityIndicatorViewController.swift in Sources */ = {isa = PBXBuildFile; fileRef = 74A19B1021E722E7006467FA /* UIActivityIndicatorViewController.swift */; };
		74BD698D21E47A630025AA61 /* const.swift in Sources */ = {isa = PBXBuildFile; fileRef = 74BD698C21E47A630025AA61 /* const.swift */; };
		74BD698F21E47AC30025AA61 /* GoogleSignIn.swift in Sources */ = {isa = PBXBuildFile; fileRef = 74BD698E21E47AC30025AA61 /* GoogleSignIn.swift */; };
		74BD699321E5ABED0025AA61 /* NotesViewController.swift in Sources */ = {isa = PBXBuildFile; fileRef = 74BD699221E5ABED0025AA61 /* NotesViewController.swift */; };
		74BD699521E5B5FA0025AA61 /* grpcClients.swift in Sources */ = {isa = PBXBuildFile; fileRef = 74BD699421E5B5FA0025AA61 /* grpcClients.swift */; };
		74BD699821E5BAE70025AA61 /* note.grpc.swift in Sources */ = {isa = PBXBuildFile; fileRef = 74BD699621E5BAE70025AA61 /* note.grpc.swift */; };
		74BD699921E5BAE70025AA61 /* note.pb.swift in Sources */ = {isa = PBXBuildFile; fileRef = 74BD699721E5BAE70025AA61 /* note.pb.swift */; };
		74D568BF21E043E500E6B6E7 /* AppDelegate.swift in Sources */ = {isa = PBXBuildFile; fileRef = 74D568BE21E043E500E6B6E7 /* AppDelegate.swift */; };
		74D568C421E043E500E6B6E7 /* Main.storyboard in Resources */ = {isa = PBXBuildFile; fileRef = 74D568C221E043E500E6B6E7 /* Main.storyboard */; };
		74D568C621E043E700E6B6E7 /* Assets.xcassets in Resources */ = {isa = PBXBuildFile; fileRef = 74D568C521E043E700E6B6E7 /* Assets.xcassets */; };
		74D568C921E043E700E6B6E7 /* LaunchScreen.storyboard in Resources */ = {isa = PBXBuildFile; fileRef = 74D568C721E043E700E6B6E7 /* LaunchScreen.storyboard */; };
		74D568D421E043E700E6B6E7 /* Taeho_iOSTests.swift in Sources */ = {isa = PBXBuildFile; fileRef = 74D568D321E043E700E6B6E7 /* Taeho_iOSTests.swift */; };
		74D568DF21E043E700E6B6E7 /* Taeho_iOSUITests.swift in Sources */ = {isa = PBXBuildFile; fileRef = 74D568DE21E043E700E6B6E7 /* Taeho_iOSUITests.swift */; };
		74D568FF21E0627400E6B6E7 /* auth.pb.swift in Sources */ = {isa = PBXBuildFile; fileRef = 74D568FD21E0627400E6B6E7 /* auth.pb.swift */; };
		74D5690021E0627400E6B6E7 /* auth.grpc.swift in Sources */ = {isa = PBXBuildFile; fileRef = 74D568FE21E0627400E6B6E7 /* auth.grpc.swift */; };
		74D5690221E1CD5000E6B6E7 /* KeyStore.swift in Sources */ = {isa = PBXBuildFile; fileRef = 74D5690121E1CD5000E6B6E7 /* KeyStore.swift */; };
		74D5690A21E1D2B900E6B6E7 /* SignInWithEmailViewController.swift in Sources */ = {isa = PBXBuildFile; fileRef = 74D5690921E1D2B900E6B6E7 /* SignInWithEmailViewController.swift */; };
		74D5691021E1DCF300E6B6E7 /* user.grpc.swift in Sources */ = {isa = PBXBuildFile; fileRef = 74D5690E21E1DCF300E6B6E7 /* user.grpc.swift */; };
		74D5691121E1DCF300E6B6E7 /* user.pb.swift in Sources */ = {isa = PBXBuildFile; fileRef = 74D5690F21E1DCF300E6B6E7 /* user.pb.swift */; };
		74D5691321E1E99D00E6B6E7 /* SignUpWithEmailViewController.swift in Sources */ = {isa = PBXBuildFile; fileRef = 74D5691221E1E99D00E6B6E7 /* SignUpWithEmailViewController.swift */; };
		74D5691A21E2939700E6B6E7 /* Auth.swift in Sources */ = {isa = PBXBuildFile; fileRef = 74D5691921E2939700E6B6E7 /* Auth.swift */; };
		74E3960621EBCD1C00409E99 /* auth.grpc-rx.swift in Sources */ = {isa = PBXBuildFile; fileRef = 74E3960421EBCD1B00409E99 /* auth.grpc-rx.swift */; };
		74E3960721EBCD1C00409E99 /* note.grpc-rx.swift in Sources */ = {isa = PBXBuildFile; fileRef = 74E3960521EBCD1B00409E99 /* note.grpc-rx.swift */; };
		74E5CA3D21FD687300A1B51B /* NotesTableViewController.swift in Sources */ = {isa = PBXBuildFile; fileRef = 74E5CA3C21FD687300A1B51B /* NotesTableViewController.swift */; };
		74E5CA3F21FD6A6800A1B51B /* RootTabBarController.swift in Sources */ = {isa = PBXBuildFile; fileRef = 74E5CA3E21FD6A6800A1B51B /* RootTabBarController.swift */; };
		ED277A8CA8B90DB799A6BA6F /* Pods_Taeho_iOSTests.framework in Frameworks */ = {isa = PBXBuildFile; fileRef = EA9E1A2B5B4518ED2C45BFF6 /* Pods_Taeho_iOSTests.framework */; };
/* End PBXBuildFile section */

/* Begin PBXContainerItemProxy section */
		74D568D021E043E700E6B6E7 /* PBXContainerItemProxy */ = {
			isa = PBXContainerItemProxy;
			containerPortal = 74D568B321E043E500E6B6E7 /* Project object */;
			proxyType = 1;
			remoteGlobalIDString = 74D568BA21E043E500E6B6E7;
			remoteInfo = "Taeho-iOS";
		};
		74D568DB21E043E700E6B6E7 /* PBXContainerItemProxy */ = {
			isa = PBXContainerItemProxy;
			containerPortal = 74D568B321E043E500E6B6E7 /* Project object */;
			proxyType = 1;
			remoteGlobalIDString = 74D568BA21E043E500E6B6E7;
			remoteInfo = "Taeho-iOS";
		};
/* End PBXContainerItemProxy section */

/* Begin PBXFileReference section */
		533A2DB9BAB7208E7F7111DA /* Pods-Taeho-iOSUITests.debug.xcconfig */ = {isa = PBXFileReference; includeInIndex = 1; lastKnownFileType = text.xcconfig; name = "Pods-Taeho-iOSUITests.debug.xcconfig"; path = "Pods/Target Support Files/Pods-Taeho-iOSUITests/Pods-Taeho-iOSUITests.debug.xcconfig"; sourceTree = "<group>"; };
		6A922916C78C044FBE5BFF37 /* Pods-Taeho-iOSTests.release.xcconfig */ = {isa = PBXFileReference; includeInIndex = 1; lastKnownFileType = text.xcconfig; name = "Pods-Taeho-iOSTests.release.xcconfig"; path = "Pods/Target Support Files/Pods-Taeho-iOSTests/Pods-Taeho-iOSTests.release.xcconfig"; sourceTree = "<group>"; };
		74068DA221FDA173003F6B8B /* SideMenuViewController.swift */ = {isa = PBXFileReference; lastKnownFileType = sourcecode.swift; path = SideMenuViewController.swift; sourceTree = "<group>"; };
		742D115921FD727E00DEA23B /* SettingsTableViewController.swift */ = {isa = PBXFileReference; lastKnownFileType = sourcecode.swift; path = SettingsTableViewController.swift; sourceTree = "<group>"; };
		744B5C4621EB0E8A00D09BAF /* user.grpc-rx.swift */ = {isa = PBXFileReference; fileEncoding = 4; lastKnownFileType = sourcecode.swift; path = "user.grpc-rx.swift"; sourceTree = "<group>"; };
		74A19B0A21E71275006467FA /* LaunchNavigationController.swift */ = {isa = PBXFileReference; lastKnownFileType = sourcecode.swift; path = LaunchNavigationController.swift; sourceTree = "<group>"; };
		74A19B0C21E71340006467FA /* LaunchViewController.swift */ = {isa = PBXFileReference; lastKnownFileType = sourcecode.swift; path = LaunchViewController.swift; sourceTree = "<group>"; };
		74A19B0E21E71701006467FA /* SignInViewController.swift */ = {isa = PBXFileReference; lastKnownFileType = sourcecode.swift; path = SignInViewController.swift; sourceTree = "<group>"; };
		74A19B1021E722E7006467FA /* UIActivityIndicatorViewController.swift */ = {isa = PBXFileReference; lastKnownFileType = sourcecode.swift; path = UIActivityIndicatorViewController.swift; sourceTree = "<group>"; };
		74BD698C21E47A630025AA61 /* const.swift */ = {isa = PBXFileReference; lastKnownFileType = sourcecode.swift; path = const.swift; sourceTree = "<group>"; };
		74BD698E21E47AC30025AA61 /* GoogleSignIn.swift */ = {isa = PBXFileReference; lastKnownFileType = sourcecode.swift; path = GoogleSignIn.swift; sourceTree = "<group>"; };
		74BD699221E5ABED0025AA61 /* NotesViewController.swift */ = {isa = PBXFileReference; lastKnownFileType = sourcecode.swift; path = NotesViewController.swift; sourceTree = "<group>"; };
		74BD699421E5B5FA0025AA61 /* grpcClients.swift */ = {isa = PBXFileReference; fileEncoding = 4; lastKnownFileType = sourcecode.swift; path = grpcClients.swift; sourceTree = "<group>"; };
		74BD699621E5BAE70025AA61 /* note.grpc.swift */ = {isa = PBXFileReference; fileEncoding = 4; lastKnownFileType = sourcecode.swift; path = note.grpc.swift; sourceTree = "<group>"; };
		74BD699721E5BAE70025AA61 /* note.pb.swift */ = {isa = PBXFileReference; fileEncoding = 4; lastKnownFileType = sourcecode.swift; path = note.pb.swift; sourceTree = "<group>"; };
		74D568BB21E043E500E6B6E7 /* Taeho-iOS.app */ = {isa = PBXFileReference; explicitFileType = wrapper.application; includeInIndex = 0; path = "Taeho-iOS.app"; sourceTree = BUILT_PRODUCTS_DIR; };
		74D568BE21E043E500E6B6E7 /* AppDelegate.swift */ = {isa = PBXFileReference; lastKnownFileType = sourcecode.swift; path = AppDelegate.swift; sourceTree = "<group>"; };
		74D568C321E043E500E6B6E7 /* Base */ = {isa = PBXFileReference; lastKnownFileType = file.storyboard; name = Base; path = Base.lproj/Main.storyboard; sourceTree = "<group>"; };
		74D568C521E043E700E6B6E7 /* Assets.xcassets */ = {isa = PBXFileReference; lastKnownFileType = folder.assetcatalog; path = Assets.xcassets; sourceTree = "<group>"; };
		74D568C821E043E700E6B6E7 /* Base */ = {isa = PBXFileReference; lastKnownFileType = file.storyboard; name = Base; path = Base.lproj/LaunchScreen.storyboard; sourceTree = "<group>"; };
		74D568CA21E043E700E6B6E7 /* Info.plist */ = {isa = PBXFileReference; lastKnownFileType = text.plist.xml; path = Info.plist; sourceTree = "<group>"; };
		74D568CF21E043E700E6B6E7 /* Taeho-iOSTests.xctest */ = {isa = PBXFileReference; explicitFileType = wrapper.cfbundle; includeInIndex = 0; path = "Taeho-iOSTests.xctest"; sourceTree = BUILT_PRODUCTS_DIR; };
		74D568D321E043E700E6B6E7 /* Taeho_iOSTests.swift */ = {isa = PBXFileReference; lastKnownFileType = sourcecode.swift; path = Taeho_iOSTests.swift; sourceTree = "<group>"; };
		74D568D521E043E700E6B6E7 /* Info.plist */ = {isa = PBXFileReference; lastKnownFileType = text.plist.xml; path = Info.plist; sourceTree = "<group>"; };
		74D568DA21E043E700E6B6E7 /* Taeho-iOSUITests.xctest */ = {isa = PBXFileReference; explicitFileType = wrapper.cfbundle; includeInIndex = 0; path = "Taeho-iOSUITests.xctest"; sourceTree = BUILT_PRODUCTS_DIR; };
		74D568DE21E043E700E6B6E7 /* Taeho_iOSUITests.swift */ = {isa = PBXFileReference; lastKnownFileType = sourcecode.swift; path = Taeho_iOSUITests.swift; sourceTree = "<group>"; };
		74D568E021E043E700E6B6E7 /* Info.plist */ = {isa = PBXFileReference; lastKnownFileType = text.plist.xml; path = Info.plist; sourceTree = "<group>"; };
		74D568FD21E0627400E6B6E7 /* auth.pb.swift */ = {isa = PBXFileReference; fileEncoding = 4; lastKnownFileType = sourcecode.swift; path = auth.pb.swift; sourceTree = "<group>"; };
		74D568FE21E0627400E6B6E7 /* auth.grpc.swift */ = {isa = PBXFileReference; fileEncoding = 4; lastKnownFileType = sourcecode.swift; path = auth.grpc.swift; sourceTree = "<group>"; };
		74D5690121E1CD5000E6B6E7 /* KeyStore.swift */ = {isa = PBXFileReference; lastKnownFileType = sourcecode.swift; path = KeyStore.swift; sourceTree = "<group>"; };
		74D5690921E1D2B900E6B6E7 /* SignInWithEmailViewController.swift */ = {isa = PBXFileReference; lastKnownFileType = sourcecode.swift; path = SignInWithEmailViewController.swift; sourceTree = "<group>"; };
		74D5690E21E1DCF300E6B6E7 /* user.grpc.swift */ = {isa = PBXFileReference; fileEncoding = 4; lastKnownFileType = sourcecode.swift; path = user.grpc.swift; sourceTree = "<group>"; };
		74D5690F21E1DCF300E6B6E7 /* user.pb.swift */ = {isa = PBXFileReference; fileEncoding = 4; lastKnownFileType = sourcecode.swift; path = user.pb.swift; sourceTree = "<group>"; };
		74D5691221E1E99D00E6B6E7 /* SignUpWithEmailViewController.swift */ = {isa = PBXFileReference; lastKnownFileType = sourcecode.swift; path = SignUpWithEmailViewController.swift; sourceTree = "<group>"; };
		74D5691921E2939700E6B6E7 /* Auth.swift */ = {isa = PBXFileReference; lastKnownFileType = sourcecode.swift; path = Auth.swift; sourceTree = "<group>"; };
		74E3960421EBCD1B00409E99 /* auth.grpc-rx.swift */ = {isa = PBXFileReference; fileEncoding = 4; lastKnownFileType = sourcecode.swift; path = "auth.grpc-rx.swift"; sourceTree = "<group>"; };
		74E3960521EBCD1B00409E99 /* note.grpc-rx.swift */ = {isa = PBXFileReference; fileEncoding = 4; lastKnownFileType = sourcecode.swift; path = "note.grpc-rx.swift"; sourceTree = "<group>"; };
		74E5CA3C21FD687300A1B51B /* NotesTableViewController.swift */ = {isa = PBXFileReference; lastKnownFileType = sourcecode.swift; path = NotesTableViewController.swift; sourceTree = "<group>"; };
		74E5CA3E21FD6A6800A1B51B /* RootTabBarController.swift */ = {isa = PBXFileReference; lastKnownFileType = sourcecode.swift; path = RootTabBarController.swift; sourceTree = "<group>"; };
		7F2CC799CFD71C272BB51617 /* Pods-Taeho-iOSTests.debug.xcconfig */ = {isa = PBXFileReference; includeInIndex = 1; lastKnownFileType = text.xcconfig; name = "Pods-Taeho-iOSTests.debug.xcconfig"; path = "Pods/Target Support Files/Pods-Taeho-iOSTests/Pods-Taeho-iOSTests.debug.xcconfig"; sourceTree = "<group>"; };
		995D887E8606A94CA2DB4701 /* Pods_Taeho_iOS.framework */ = {isa = PBXFileReference; explicitFileType = wrapper.framework; includeInIndex = 0; path = Pods_Taeho_iOS.framework; sourceTree = BUILT_PRODUCTS_DIR; };
		AC5D5AC2B7F9654406AE23DE /* Pods-Taeho-iOS.release.xcconfig */ = {isa = PBXFileReference; includeInIndex = 1; lastKnownFileType = text.xcconfig; name = "Pods-Taeho-iOS.release.xcconfig"; path = "Pods/Target Support Files/Pods-Taeho-iOS/Pods-Taeho-iOS.release.xcconfig"; sourceTree = "<group>"; };
		AF4E204A3EADB577A3A591B4 /* Pods-Taeho-iOS.debug.xcconfig */ = {isa = PBXFileReference; includeInIndex = 1; lastKnownFileType = text.xcconfig; name = "Pods-Taeho-iOS.debug.xcconfig"; path = "Pods/Target Support Files/Pods-Taeho-iOS/Pods-Taeho-iOS.debug.xcconfig"; sourceTree = "<group>"; };
		CB39691644D86BF4FF734CC0 /* Pods-Taeho-iOSUITests.release.xcconfig */ = {isa = PBXFileReference; includeInIndex = 1; lastKnownFileType = text.xcconfig; name = "Pods-Taeho-iOSUITests.release.xcconfig"; path = "Pods/Target Support Files/Pods-Taeho-iOSUITests/Pods-Taeho-iOSUITests.release.xcconfig"; sourceTree = "<group>"; };
		E01B8E876A2A68A139B020ED /* Pods_Taeho_iOSUITests.framework */ = {isa = PBXFileReference; explicitFileType = wrapper.framework; includeInIndex = 0; path = Pods_Taeho_iOSUITests.framework; sourceTree = BUILT_PRODUCTS_DIR; };
		EA9E1A2B5B4518ED2C45BFF6 /* Pods_Taeho_iOSTests.framework */ = {isa = PBXFileReference; explicitFileType = wrapper.framework; includeInIndex = 0; path = Pods_Taeho_iOSTests.framework; sourceTree = BUILT_PRODUCTS_DIR; };
/* End PBXFileReference section */

/* Begin PBXFrameworksBuildPhase section */
		74D568B821E043E500E6B6E7 /* Frameworks */ = {
			isa = PBXFrameworksBuildPhase;
			buildActionMask = 2147483647;
			files = (
				17C3506AE2D3122C4FF31FA6 /* Pods_Taeho_iOS.framework in Frameworks */,
			);
			runOnlyForDeploymentPostprocessing = 0;
		};
		74D568CC21E043E700E6B6E7 /* Frameworks */ = {
			isa = PBXFrameworksBuildPhase;
			buildActionMask = 2147483647;
			files = (
				ED277A8CA8B90DB799A6BA6F /* Pods_Taeho_iOSTests.framework in Frameworks */,
			);
			runOnlyForDeploymentPostprocessing = 0;
		};
		74D568D721E043E700E6B6E7 /* Frameworks */ = {
			isa = PBXFrameworksBuildPhase;
			buildActionMask = 2147483647;
			files = (
				696FDA98828001C16B646091 /* Pods_Taeho_iOSUITests.framework in Frameworks */,
			);
			runOnlyForDeploymentPostprocessing = 0;
		};
/* End PBXFrameworksBuildPhase section */

/* Begin PBXGroup section */
		00DABFD5AD858FACE5ED8870 /* Frameworks */ = {
			isa = PBXGroup;
			children = (
				995D887E8606A94CA2DB4701 /* Pods_Taeho_iOS.framework */,
				EA9E1A2B5B4518ED2C45BFF6 /* Pods_Taeho_iOSTests.framework */,
				E01B8E876A2A68A139B020ED /* Pods_Taeho_iOSUITests.framework */,
			);
			name = Frameworks;
			sourceTree = "<group>";
		};
		5FAA459283FB1743A433D36E /* Pods */ = {
			isa = PBXGroup;
			children = (
				AF4E204A3EADB577A3A591B4 /* Pods-Taeho-iOS.debug.xcconfig */,
				AC5D5AC2B7F9654406AE23DE /* Pods-Taeho-iOS.release.xcconfig */,
				7F2CC799CFD71C272BB51617 /* Pods-Taeho-iOSTests.debug.xcconfig */,
				6A922916C78C044FBE5BFF37 /* Pods-Taeho-iOSTests.release.xcconfig */,
				533A2DB9BAB7208E7F7111DA /* Pods-Taeho-iOSUITests.debug.xcconfig */,
				CB39691644D86BF4FF734CC0 /* Pods-Taeho-iOSUITests.release.xcconfig */,
			);
			name = Pods;
			sourceTree = "<group>";
		};
		74D568B221E043E500E6B6E7 = {
			isa = PBXGroup;
			children = (
				74D568BD21E043E500E6B6E7 /* Taeho-iOS */,
				74D568D221E043E700E6B6E7 /* Taeho-iOSTests */,
				74D568DD21E043E700E6B6E7 /* Taeho-iOSUITests */,
				74D568BC21E043E500E6B6E7 /* Products */,
				5FAA459283FB1743A433D36E /* Pods */,
				00DABFD5AD858FACE5ED8870 /* Frameworks */,
			);
			sourceTree = "<group>";
		};
		74D568BC21E043E500E6B6E7 /* Products */ = {
			isa = PBXGroup;
			children = (
				74D568BB21E043E500E6B6E7 /* Taeho-iOS.app */,
				74D568CF21E043E700E6B6E7 /* Taeho-iOSTests.xctest */,
				74D568DA21E043E700E6B6E7 /* Taeho-iOSUITests.xctest */,
			);
			name = Products;
			sourceTree = "<group>";
		};
		74D568BD21E043E500E6B6E7 /* Taeho-iOS */ = {
			isa = PBXGroup;
			children = (
				74D5691821E2938600E6B6E7 /* libs */,
				74D5690B21E1DB3600E6B6E7 /* grpc */,
				74D568BE21E043E500E6B6E7 /* AppDelegate.swift */,
				74D568C721E043E700E6B6E7 /* LaunchScreen.storyboard */,
				74D568C221E043E500E6B6E7 /* Main.storyboard */,
				74068DA221FDA173003F6B8B /* SideMenuViewController.swift */,
				74A19B0A21E71275006467FA /* LaunchNavigationController.swift */,
				74A19B0C21E71340006467FA /* LaunchViewController.swift */,
				74A19B1021E722E7006467FA /* UIActivityIndicatorViewController.swift */,
				74A19B0E21E71701006467FA /* SignInViewController.swift */,
				74D5690921E1D2B900E6B6E7 /* SignInWithEmailViewController.swift */,
				74D5691221E1E99D00E6B6E7 /* SignUpWithEmailViewController.swift */,
				74E5CA3E21FD6A6800A1B51B /* RootTabBarController.swift */,
				74BD699221E5ABED0025AA61 /* NotesViewController.swift */,
				74E5CA3C21FD687300A1B51B /* NotesTableViewController.swift */,
				742D115921FD727E00DEA23B /* SettingsTableViewController.swift */,
				74D568C521E043E700E6B6E7 /* Assets.xcassets */,
				74D568CA21E043E700E6B6E7 /* Info.plist */,
				74BD698C21E47A630025AA61 /* const.swift */,
			);
			path = "Taeho-iOS";
			sourceTree = "<group>";
		};
		74D568D221E043E700E6B6E7 /* Taeho-iOSTests */ = {
			isa = PBXGroup;
			children = (
				74D568D321E043E700E6B6E7 /* Taeho_iOSTests.swift */,
				74D568D521E043E700E6B6E7 /* Info.plist */,
			);
			path = "Taeho-iOSTests";
			sourceTree = "<group>";
		};
		74D568DD21E043E700E6B6E7 /* Taeho-iOSUITests */ = {
			isa = PBXGroup;
			children = (
				74D568DE21E043E700E6B6E7 /* Taeho_iOSUITests.swift */,
				74D568E021E043E700E6B6E7 /* Info.plist */,
			);
			path = "Taeho-iOSUITests";
			sourceTree = "<group>";
		};
		74D5690B21E1DB3600E6B6E7 /* grpc */ = {
			isa = PBXGroup;
			children = (
				74D568FD21E0627400E6B6E7 /* auth.pb.swift */,
				74D568FE21E0627400E6B6E7 /* auth.grpc.swift */,
				74E3960421EBCD1B00409E99 /* auth.grpc-rx.swift */,
				74BD699721E5BAE70025AA61 /* note.pb.swift */,
				74BD699621E5BAE70025AA61 /* note.grpc.swift */,
				74E3960521EBCD1B00409E99 /* note.grpc-rx.swift */,
				74D5690F21E1DCF300E6B6E7 /* user.pb.swift */,
				74D5690E21E1DCF300E6B6E7 /* user.grpc.swift */,
				744B5C4621EB0E8A00D09BAF /* user.grpc-rx.swift */,
			);
			path = grpc;
			sourceTree = "<group>";
		};
		74D5691821E2938600E6B6E7 /* libs */ = {
			isa = PBXGroup;
			children = (
				74BD699421E5B5FA0025AA61 /* grpcClients.swift */,
				74D5690121E1CD5000E6B6E7 /* KeyStore.swift */,
				74D5691921E2939700E6B6E7 /* Auth.swift */,
				74BD698E21E47AC30025AA61 /* GoogleSignIn.swift */,
			);
			path = libs;
			sourceTree = "<group>";
		};
/* End PBXGroup section */

/* Begin PBXNativeTarget section */
		74D568BA21E043E500E6B6E7 /* Taeho-iOS */ = {
			isa = PBXNativeTarget;
			buildConfigurationList = 74D568E321E043E700E6B6E7 /* Build configuration list for PBXNativeTarget "Taeho-iOS" */;
			buildPhases = (
				8B155FB3105B399A0F35B6ED /* [CP] Check Pods Manifest.lock */,
				74D568B721E043E500E6B6E7 /* Sources */,
				74D568B821E043E500E6B6E7 /* Frameworks */,
				74D568B921E043E500E6B6E7 /* Resources */,
				BABF168B1B1386830DCF1ABA /* [CP] Embed Pods Frameworks */,
				8F05A03568E8E597DA101E8E /* [CP] Copy Pods Resources */,
			);
			buildRules = (
			);
			dependencies = (
			);
			name = "Taeho-iOS";
			productName = "Taeho-iOS";
			productReference = 74D568BB21E043E500E6B6E7 /* Taeho-iOS.app */;
			productType = "com.apple.product-type.application";
		};
		74D568CE21E043E700E6B6E7 /* Taeho-iOSTests */ = {
			isa = PBXNativeTarget;
			buildConfigurationList = 74D568E621E043E700E6B6E7 /* Build configuration list for PBXNativeTarget "Taeho-iOSTests" */;
			buildPhases = (
				6C5D4CBC4B4B16F92AE568DA /* [CP] Check Pods Manifest.lock */,
				74D568CB21E043E700E6B6E7 /* Sources */,
				74D568CC21E043E700E6B6E7 /* Frameworks */,
				74D568CD21E043E700E6B6E7 /* Resources */,
			);
			buildRules = (
			);
			dependencies = (
				74D568D121E043E700E6B6E7 /* PBXTargetDependency */,
			);
			name = "Taeho-iOSTests";
			productName = "Taeho-iOSTests";
			productReference = 74D568CF21E043E700E6B6E7 /* Taeho-iOSTests.xctest */;
			productType = "com.apple.product-type.bundle.unit-test";
		};
		74D568D921E043E700E6B6E7 /* Taeho-iOSUITests */ = {
			isa = PBXNativeTarget;
			buildConfigurationList = 74D568E921E043E700E6B6E7 /* Build configuration list for PBXNativeTarget "Taeho-iOSUITests" */;
			buildPhases = (
				66DBC6B1C60F957E31B69926 /* [CP] Check Pods Manifest.lock */,
				74D568D621E043E700E6B6E7 /* Sources */,
				74D568D721E043E700E6B6E7 /* Frameworks */,
				74D568D821E043E700E6B6E7 /* Resources */,
			);
			buildRules = (
			);
			dependencies = (
				74D568DC21E043E700E6B6E7 /* PBXTargetDependency */,
			);
			name = "Taeho-iOSUITests";
			productName = "Taeho-iOSUITests";
			productReference = 74D568DA21E043E700E6B6E7 /* Taeho-iOSUITests.xctest */;
			productType = "com.apple.product-type.bundle.ui-testing";
		};
/* End PBXNativeTarget section */

/* Begin PBXProject section */
		74D568B321E043E500E6B6E7 /* Project object */ = {
			isa = PBXProject;
			attributes = {
				LastSwiftUpdateCheck = 1010;
				LastUpgradeCheck = 1010;
				ORGANIZATIONNAME = taeho.io;
				TargetAttributes = {
					74D568BA21E043E500E6B6E7 = {
						CreatedOnToolsVersion = 10.1;
					};
					74D568CE21E043E700E6B6E7 = {
						CreatedOnToolsVersion = 10.1;
						TestTargetID = 74D568BA21E043E500E6B6E7;
					};
					74D568D921E043E700E6B6E7 = {
						CreatedOnToolsVersion = 10.1;
						TestTargetID = 74D568BA21E043E500E6B6E7;
					};
				};
			};
			buildConfigurationList = 74D568B621E043E500E6B6E7 /* Build configuration list for PBXProject "Taeho-iOS" */;
			compatibilityVersion = "Xcode 9.3";
			developmentRegion = en;
			hasScannedForEncodings = 0;
			knownRegions = (
				en,
				Base,
			);
			mainGroup = 74D568B221E043E500E6B6E7;
			productRefGroup = 74D568BC21E043E500E6B6E7 /* Products */;
			projectDirPath = "";
			projectRoot = "";
			targets = (
				74D568BA21E043E500E6B6E7 /* Taeho-iOS */,
				74D568CE21E043E700E6B6E7 /* Taeho-iOSTests */,
				74D568D921E043E700E6B6E7 /* Taeho-iOSUITests */,
			);
		};
/* End PBXProject section */

/* Begin PBXResourcesBuildPhase section */
		74D568B921E043E500E6B6E7 /* Resources */ = {
			isa = PBXResourcesBuildPhase;
			buildActionMask = 2147483647;
			files = (
				74D568C921E043E700E6B6E7 /* LaunchScreen.storyboard in Resources */,
				74D568C621E043E700E6B6E7 /* Assets.xcassets in Resources */,
				74D568C421E043E500E6B6E7 /* Main.storyboard in Resources */,
			);
			runOnlyForDeploymentPostprocessing = 0;
		};
		74D568CD21E043E700E6B6E7 /* Resources */ = {
			isa = PBXResourcesBuildPhase;
			buildActionMask = 2147483647;
			files = (
			);
			runOnlyForDeploymentPostprocessing = 0;
		};
		74D568D821E043E700E6B6E7 /* Resources */ = {
			isa = PBXResourcesBuildPhase;
			buildActionMask = 2147483647;
			files = (
			);
			runOnlyForDeploymentPostprocessing = 0;
		};
/* End PBXResourcesBuildPhase section */

/* Begin PBXShellScriptBuildPhase section */
		66DBC6B1C60F957E31B69926 /* [CP] Check Pods Manifest.lock */ = {
			isa = PBXShellScriptBuildPhase;
			buildActionMask = 2147483647;
			files = (
			);
			inputPaths = (
				"${PODS_PODFILE_DIR_PATH}/Podfile.lock",
				"${PODS_ROOT}/Manifest.lock",
			);
			name = "[CP] Check Pods Manifest.lock";
			outputPaths = (
				"$(DERIVED_FILE_DIR)/Pods-Taeho-iOSUITests-checkManifestLockResult.txt",
			);
			runOnlyForDeploymentPostprocessing = 0;
			shellPath = /bin/sh;
			shellScript = "diff \"${PODS_PODFILE_DIR_PATH}/Podfile.lock\" \"${PODS_ROOT}/Manifest.lock\" > /dev/null\nif [ $? != 0 ] ; then\n    # print error to STDERR\n    echo \"error: The sandbox is not in sync with the Podfile.lock. Run 'pod install' or update your CocoaPods installation.\" >&2\n    exit 1\nfi\n# This output is used by Xcode 'outputs' to avoid re-running this script phase.\necho \"SUCCESS\" > \"${SCRIPT_OUTPUT_FILE_0}\"\n";
			showEnvVarsInLog = 0;
		};
		6C5D4CBC4B4B16F92AE568DA /* [CP] Check Pods Manifest.lock */ = {
			isa = PBXShellScriptBuildPhase;
			buildActionMask = 2147483647;
			files = (
			);
			inputPaths = (
				"${PODS_PODFILE_DIR_PATH}/Podfile.lock",
				"${PODS_ROOT}/Manifest.lock",
			);
			name = "[CP] Check Pods Manifest.lock";
			outputPaths = (
				"$(DERIVED_FILE_DIR)/Pods-Taeho-iOSTests-checkManifestLockResult.txt",
			);
			runOnlyForDeploymentPostprocessing = 0;
			shellPath = /bin/sh;
			shellScript = "diff \"${PODS_PODFILE_DIR_PATH}/Podfile.lock\" \"${PODS_ROOT}/Manifest.lock\" > /dev/null\nif [ $? != 0 ] ; then\n    # print error to STDERR\n    echo \"error: The sandbox is not in sync with the Podfile.lock. Run 'pod install' or update your CocoaPods installation.\" >&2\n    exit 1\nfi\n# This output is used by Xcode 'outputs' to avoid re-running this script phase.\necho \"SUCCESS\" > \"${SCRIPT_OUTPUT_FILE_0}\"\n";
			showEnvVarsInLog = 0;
		};
		8B155FB3105B399A0F35B6ED /* [CP] Check Pods Manifest.lock */ = {
			isa = PBXShellScriptBuildPhase;
			buildActionMask = 2147483647;
			files = (
			);
			inputPaths = (
				"${PODS_PODFILE_DIR_PATH}/Podfile.lock",
				"${PODS_ROOT}/Manifest.lock",
			);
			name = "[CP] Check Pods Manifest.lock";
			outputPaths = (
				"$(DERIVED_FILE_DIR)/Pods-Taeho-iOS-checkManifestLockResult.txt",
			);
			runOnlyForDeploymentPostprocessing = 0;
			shellPath = /bin/sh;
			shellScript = "diff \"${PODS_PODFILE_DIR_PATH}/Podfile.lock\" \"${PODS_ROOT}/Manifest.lock\" > /dev/null\nif [ $? != 0 ] ; then\n    # print error to STDERR\n    echo \"error: The sandbox is not in sync with the Podfile.lock. Run 'pod install' or update your CocoaPods installation.\" >&2\n    exit 1\nfi\n# This output is used by Xcode 'outputs' to avoid re-running this script phase.\necho \"SUCCESS\" > \"${SCRIPT_OUTPUT_FILE_0}\"\n";
			showEnvVarsInLog = 0;
		};
		8F05A03568E8E597DA101E8E /* [CP] Copy Pods Resources */ = {
			isa = PBXShellScriptBuildPhase;
			buildActionMask = 2147483647;
			files = (
			);
			inputPaths = (
				"${SRCROOT}/Pods/Target Support Files/Pods-Taeho-iOS/Pods-Taeho-iOS-resources.sh",
				"${PODS_ROOT}/GoogleSignIn/Resources/GoogleSignIn.bundle",
			);
			name = "[CP] Copy Pods Resources";
			outputPaths = (
				"${TARGET_BUILD_DIR}/${UNLOCALIZED_RESOURCES_FOLDER_PATH}/GoogleSignIn.bundle",
			);
			runOnlyForDeploymentPostprocessing = 0;
			shellPath = /bin/sh;
			shellScript = "\"${SRCROOT}/Pods/Target Support Files/Pods-Taeho-iOS/Pods-Taeho-iOS-resources.sh\"\n";
			showEnvVarsInLog = 0;
		};
		BABF168B1B1386830DCF1ABA /* [CP] Embed Pods Frameworks */ = {
			isa = PBXShellScriptBuildPhase;
			buildActionMask = 2147483647;
			files = (
			);
			inputPaths = (
				"${SRCROOT}/Pods/Target Support Files/Pods-Taeho-iOS/Pods-Taeho-iOS-frameworks.sh",
				"${BUILT_PRODUCTS_DIR}/BoringSSL/openssl.framework",
				"${BUILT_PRODUCTS_DIR}/GTMSessionFetcher/GTMSessionFetcher.framework",
				"${BUILT_PRODUCTS_DIR}/GoogleToolboxForMac/GoogleToolboxForMac.framework",
				"${BUILT_PRODUCTS_DIR}/KeychainAccess/KeychainAccess.framework",
				"${BUILT_PRODUCTS_DIR}/RxAtomic/RxAtomic.framework",
				"${BUILT_PRODUCTS_DIR}/RxCocoa/RxCocoa.framework",
				"${BUILT_PRODUCTS_DIR}/RxSwift/RxSwift.framework",
				"${BUILT_PRODUCTS_DIR}/SideMenu/SideMenu.framework",
				"${BUILT_PRODUCTS_DIR}/SwiftGRPC/SwiftGRPC.framework",
				"${BUILT_PRODUCTS_DIR}/SwiftProtobuf/SwiftProtobuf.framework",
				"${BUILT_PRODUCTS_DIR}/gRPC-Core/grpc.framework",
				"${BUILT_PRODUCTS_DIR}/nanopb/nanopb.framework",
			);
			name = "[CP] Embed Pods Frameworks";
			outputPaths = (
				"${TARGET_BUILD_DIR}/${FRAMEWORKS_FOLDER_PATH}/openssl.framework",
				"${TARGET_BUILD_DIR}/${FRAMEWORKS_FOLDER_PATH}/GTMSessionFetcher.framework",
				"${TARGET_BUILD_DIR}/${FRAMEWORKS_FOLDER_PATH}/GoogleToolboxForMac.framework",
				"${TARGET_BUILD_DIR}/${FRAMEWORKS_FOLDER_PATH}/KeychainAccess.framework",
				"${TARGET_BUILD_DIR}/${FRAMEWORKS_FOLDER_PATH}/RxAtomic.framework",
				"${TARGET_BUILD_DIR}/${FRAMEWORKS_FOLDER_PATH}/RxCocoa.framework",
				"${TARGET_BUILD_DIR}/${FRAMEWORKS_FOLDER_PATH}/RxSwift.framework",
				"${TARGET_BUILD_DIR}/${FRAMEWORKS_FOLDER_PATH}/SideMenu.framework",
				"${TARGET_BUILD_DIR}/${FRAMEWORKS_FOLDER_PATH}/SwiftGRPC.framework",
				"${TARGET_BUILD_DIR}/${FRAMEWORKS_FOLDER_PATH}/SwiftProtobuf.framework",
				"${TARGET_BUILD_DIR}/${FRAMEWORKS_FOLDER_PATH}/grpc.framework",
				"${TARGET_BUILD_DIR}/${FRAMEWORKS_FOLDER_PATH}/nanopb.framework",
			);
			runOnlyForDeploymentPostprocessing = 0;
			shellPath = /bin/sh;
			shellScript = "\"${SRCROOT}/Pods/Target Support Files/Pods-Taeho-iOS/Pods-Taeho-iOS-frameworks.sh\"\n";
			showEnvVarsInLog = 0;
		};
/* End PBXShellScriptBuildPhase section */

/* Begin PBXSourcesBuildPhase section */
		74D568B721E043E500E6B6E7 /* Sources */ = {
			isa = PBXSourcesBuildPhase;
			buildActionMask = 2147483647;
			files = (
				74D568BF21E043E500E6B6E7 /* AppDelegate.swift in Sources */,
				74D5691021E1DCF300E6B6E7 /* user.grpc.swift in Sources */,
				74BD699521E5B5FA0025AA61 /* grpcClients.swift in Sources */,
				74D5691321E1E99D00E6B6E7 /* SignUpWithEmailViewController.swift in Sources */,
				74A19B1121E722E7006467FA /* UIActivityIndicatorViewController.swift in Sources */,
				74D5690A21E1D2B900E6B6E7 /* SignInWithEmailViewController.swift in Sources */,
				74D5691A21E2939700E6B6E7 /* Auth.swift in Sources */,
				74A19B0D21E71340006467FA /* LaunchViewController.swift in Sources */,
				74D5690021E0627400E6B6E7 /* auth.grpc.swift in Sources */,
				74A19B0F21E71701006467FA /* SignInViewController.swift in Sources */,
				74E5CA3F21FD6A6800A1B51B /* RootTabBarController.swift in Sources */,
				74D5691121E1DCF300E6B6E7 /* user.pb.swift in Sources */,
				74E3960621EBCD1C00409E99 /* auth.grpc-rx.swift in Sources */,
				742D115A21FD727E00DEA23B /* SettingsTableViewController.swift in Sources */,
				74BD698D21E47A630025AA61 /* const.swift in Sources */,
				744B5C4721EB0E8B00D09BAF /* user.grpc-rx.swift in Sources */,
				74068DA321FDA173003F6B8B /* SideMenuViewController.swift in Sources */,
				74BD699321E5ABED0025AA61 /* NotesViewController.swift in Sources */,
				74BD698F21E47AC30025AA61 /* GoogleSignIn.swift in Sources */,
				74E5CA3D21FD687300A1B51B /* NotesTableViewController.swift in Sources */,
				74A19B0B21E71275006467FA /* LaunchNavigationController.swift in Sources */,
				74E3960721EBCD1C00409E99 /* note.grpc-rx.swift in Sources */,
				74D568FF21E0627400E6B6E7 /* auth.pb.swift in Sources */,
				74D5690221E1CD5000E6B6E7 /* KeyStore.swift in Sources */,
				74BD699921E5BAE70025AA61 /* note.pb.swift in Sources */,
				74BD699821E5BAE70025AA61 /* note.grpc.swift in Sources */,
			);
			runOnlyForDeploymentPostprocessing = 0;
		};
		74D568CB21E043E700E6B6E7 /* Sources */ = {
			isa = PBXSourcesBuildPhase;
			buildActionMask = 2147483647;
			files = (
				74D568D421E043E700E6B6E7 /* Taeho_iOSTests.swift in Sources */,
			);
			runOnlyForDeploymentPostprocessing = 0;
		};
		74D568D621E043E700E6B6E7 /* Sources */ = {
			isa = PBXSourcesBuildPhase;
			buildActionMask = 2147483647;
			files = (
				74D568DF21E043E700E6B6E7 /* Taeho_iOSUITests.swift in Sources */,
			);
			runOnlyForDeploymentPostprocessing = 0;
		};
/* End PBXSourcesBuildPhase section */

/* Begin PBXTargetDependency section */
		74D568D121E043E700E6B6E7 /* PBXTargetDependency */ = {
			isa = PBXTargetDependency;
			target = 74D568BA21E043E500E6B6E7 /* Taeho-iOS */;
			targetProxy = 74D568D021E043E700E6B6E7 /* PBXContainerItemProxy */;
		};
		74D568DC21E043E700E6B6E7 /* PBXTargetDependency */ = {
			isa = PBXTargetDependency;
			target = 74D568BA21E043E500E6B6E7 /* Taeho-iOS */;
			targetProxy = 74D568DB21E043E700E6B6E7 /* PBXContainerItemProxy */;
		};
/* End PBXTargetDependency section */

/* Begin PBXVariantGroup section */
		74D568C221E043E500E6B6E7 /* Main.storyboard */ = {
			isa = PBXVariantGroup;
			children = (
				74D568C321E043E500E6B6E7 /* Base */,
			);
			name = Main.storyboard;
			sourceTree = "<group>";
		};
		74D568C721E043E700E6B6E7 /* LaunchScreen.storyboard */ = {
			isa = PBXVariantGroup;
			children = (
				74D568C821E043E700E6B6E7 /* Base */,
			);
			name = LaunchScreen.storyboard;
			sourceTree = "<group>";
		};
/* End PBXVariantGroup section */

/* Begin XCBuildConfiguration section */
		74D568E121E043E700E6B6E7 /* Debug */ = {
			isa = XCBuildConfiguration;
			buildSettings = {
				ALWAYS_SEARCH_USER_PATHS = NO;
				CLANG_ANALYZER_NONNULL = YES;
				CLANG_ANALYZER_NUMBER_OBJECT_CONVERSION = YES_AGGRESSIVE;
				CLANG_CXX_LANGUAGE_STANDARD = "gnu++14";
				CLANG_CXX_LIBRARY = "libc++";
				CLANG_ENABLE_MODULES = YES;
				CLANG_ENABLE_OBJC_ARC = YES;
				CLANG_ENABLE_OBJC_WEAK = YES;
				CLANG_WARN_BLOCK_CAPTURE_AUTORELEASING = YES;
				CLANG_WARN_BOOL_CONVERSION = YES;
				CLANG_WARN_COMMA = YES;
				CLANG_WARN_CONSTANT_CONVERSION = YES;
				CLANG_WARN_DEPRECATED_OBJC_IMPLEMENTATIONS = YES;
				CLANG_WARN_DIRECT_OBJC_ISA_USAGE = YES_ERROR;
				CLANG_WARN_DOCUMENTATION_COMMENTS = YES;
				CLANG_WARN_EMPTY_BODY = YES;
				CLANG_WARN_ENUM_CONVERSION = YES;
				CLANG_WARN_INFINITE_RECURSION = YES;
				CLANG_WARN_INT_CONVERSION = YES;
				CLANG_WARN_NON_LITERAL_NULL_CONVERSION = YES;
				CLANG_WARN_OBJC_IMPLICIT_RETAIN_SELF = YES;
				CLANG_WARN_OBJC_LITERAL_CONVERSION = YES;
				CLANG_WARN_OBJC_ROOT_CLASS = YES_ERROR;
				CLANG_WARN_RANGE_LOOP_ANALYSIS = YES;
				CLANG_WARN_STRICT_PROTOTYPES = YES;
				CLANG_WARN_SUSPICIOUS_MOVE = YES;
				CLANG_WARN_UNGUARDED_AVAILABILITY = YES_AGGRESSIVE;
				CLANG_WARN_UNREACHABLE_CODE = YES;
				CLANG_WARN__DUPLICATE_METHOD_MATCH = YES;
				CODE_SIGN_IDENTITY = "iPhone Developer";
				COPY_PHASE_STRIP = NO;
				DEBUG_INFORMATION_FORMAT = dwarf;
				ENABLE_STRICT_OBJC_MSGSEND = YES;
				ENABLE_TESTABILITY = YES;
				GCC_C_LANGUAGE_STANDARD = gnu11;
				GCC_DYNAMIC_NO_PIC = NO;
				GCC_NO_COMMON_BLOCKS = YES;
				GCC_OPTIMIZATION_LEVEL = 0;
				GCC_PREPROCESSOR_DEFINITIONS = (
					"DEBUG=1",
					"$(inherited)",
				);
				GCC_WARN_64_TO_32_BIT_CONVERSION = YES;
				GCC_WARN_ABOUT_RETURN_TYPE = YES_ERROR;
				GCC_WARN_UNDECLARED_SELECTOR = YES;
				GCC_WARN_UNINITIALIZED_AUTOS = YES_AGGRESSIVE;
				GCC_WARN_UNUSED_FUNCTION = YES;
				GCC_WARN_UNUSED_VARIABLE = YES;
				IPHONEOS_DEPLOYMENT_TARGET = 12.1;
				MTL_ENABLE_DEBUG_INFO = INCLUDE_SOURCE;
				MTL_FAST_MATH = YES;
				ONLY_ACTIVE_ARCH = YES;
				SDKROOT = iphoneos;
				SWIFT_ACTIVE_COMPILATION_CONDITIONS = DEBUG;
				SWIFT_OPTIMIZATION_LEVEL = "-Onone";
			};
			name = Debug;
		};
		74D568E221E043E700E6B6E7 /* Release */ = {
			isa = XCBuildConfiguration;
			buildSettings = {
				ALWAYS_SEARCH_USER_PATHS = NO;
				CLANG_ANALYZER_NONNULL = YES;
				CLANG_ANALYZER_NUMBER_OBJECT_CONVERSION = YES_AGGRESSIVE;
				CLANG_CXX_LANGUAGE_STANDARD = "gnu++14";
				CLANG_CXX_LIBRARY = "libc++";
				CLANG_ENABLE_MODULES = YES;
				CLANG_ENABLE_OBJC_ARC = YES;
				CLANG_ENABLE_OBJC_WEAK = YES;
				CLANG_WARN_BLOCK_CAPTURE_AUTORELEASING = YES;
				CLANG_WARN_BOOL_CONVERSION = YES;
				CLANG_WARN_COMMA = YES;
				CLANG_WARN_CONSTANT_CONVERSION = YES;
				CLANG_WARN_DEPRECATED_OBJC_IMPLEMENTATIONS = YES;
				CLANG_WARN_DIRECT_OBJC_ISA_USAGE = YES_ERROR;
				CLANG_WARN_DOCUMENTATION_COMMENTS = YES;
				CLANG_WARN_EMPTY_BODY = YES;
				CLANG_WARN_ENUM_CONVERSION = YES;
				CLANG_WARN_INFINITE_RECURSION = YES;
				CLANG_WARN_INT_CONVERSION = YES;
				CLANG_WARN_NON_LITERAL_NULL_CONVERSION = YES;
				CLANG_WARN_OBJC_IMPLICIT_RETAIN_SELF = YES;
				CLANG_WARN_OBJC_LITERAL_CONVERSION = YES;
				CLANG_WARN_OBJC_ROOT_CLASS = YES_ERROR;
				CLANG_WARN_RANGE_LOOP_ANALYSIS = YES;
				CLANG_WARN_STRICT_PROTOTYPES = YES;
				CLANG_WARN_SUSPICIOUS_MOVE = YES;
				CLANG_WARN_UNGUARDED_AVAILABILITY = YES_AGGRESSIVE;
				CLANG_WARN_UNREACHABLE_CODE = YES;
				CLANG_WARN__DUPLICATE_METHOD_MATCH = YES;
				CODE_SIGN_IDENTITY = "iPhone Developer";
				COPY_PHASE_STRIP = NO;
				DEBUG_INFORMATION_FORMAT = "dwarf-with-dsym";
				ENABLE_NS_ASSERTIONS = NO;
				ENABLE_STRICT_OBJC_MSGSEND = YES;
				GCC_C_LANGUAGE_STANDARD = gnu11;
				GCC_NO_COMMON_BLOCKS = YES;
				GCC_WARN_64_TO_32_BIT_CONVERSION = YES;
				GCC_WARN_ABOUT_RETURN_TYPE = YES_ERROR;
				GCC_WARN_UNDECLARED_SELECTOR = YES;
				GCC_WARN_UNINITIALIZED_AUTOS = YES_AGGRESSIVE;
				GCC_WARN_UNUSED_FUNCTION = YES;
				GCC_WARN_UNUSED_VARIABLE = YES;
				IPHONEOS_DEPLOYMENT_TARGET = 12.1;
				MTL_ENABLE_DEBUG_INFO = NO;
				MTL_FAST_MATH = YES;
				SDKROOT = iphoneos;
				SWIFT_COMPILATION_MODE = wholemodule;
				SWIFT_OPTIMIZATION_LEVEL = "-O";
				VALIDATE_PRODUCT = YES;
			};
			name = Release;
		};
		74D568E421E043E700E6B6E7 /* Debug */ = {
			isa = XCBuildConfiguration;
			baseConfigurationReference = AF4E204A3EADB577A3A591B4 /* Pods-Taeho-iOS.debug.xcconfig */;
			buildSettings = {
				ASSETCATALOG_COMPILER_APPICON_NAME = AppIcon;
				CODE_SIGN_STYLE = Automatic;
				DEVELOPMENT_TEAM = 729QK9WGMT;
				INFOPLIST_FILE = "Taeho-iOS/Info.plist";
				LD_RUNPATH_SEARCH_PATHS = (
					"$(inherited)",
					"@executable_path/Frameworks",
				);
				PRODUCT_BUNDLE_IDENTIFIER = "io.taeho.family.Taeho-iOS";
				PRODUCT_NAME = "$(TARGET_NAME)";
				SWIFT_VERSION = 4.2;
				TARGETED_DEVICE_FAMILY = "1,2";
			};
			name = Debug;
		};
		74D568E521E043E700E6B6E7 /* Release */ = {
			isa = XCBuildConfiguration;
			baseConfigurationReference = AC5D5AC2B7F9654406AE23DE /* Pods-Taeho-iOS.release.xcconfig */;
			buildSettings = {
				ASSETCATALOG_COMPILER_APPICON_NAME = AppIcon;
				CODE_SIGN_STYLE = Automatic;
				DEVELOPMENT_TEAM = 729QK9WGMT;
				INFOPLIST_FILE = "Taeho-iOS/Info.plist";
				LD_RUNPATH_SEARCH_PATHS = (
					"$(inherited)",
					"@executable_path/Frameworks",
				);
				PRODUCT_BUNDLE_IDENTIFIER = "io.taeho.family.Taeho-iOS";
				PRODUCT_NAME = "$(TARGET_NAME)";
				SWIFT_VERSION = 4.2;
				TARGETED_DEVICE_FAMILY = "1,2";
			};
			name = Release;
		};
		74D568E721E043E700E6B6E7 /* Debug */ = {
			isa = XCBuildConfiguration;
			baseConfigurationReference = 7F2CC799CFD71C272BB51617 /* Pods-Taeho-iOSTests.debug.xcconfig */;
			buildSettings = {
				ALWAYS_EMBED_SWIFT_STANDARD_LIBRARIES = YES;
				BUNDLE_LOADER = "$(TEST_HOST)";
				CODE_SIGN_STYLE = Automatic;
				DEVELOPMENT_TEAM = 729QK9WGMT;
				INFOPLIST_FILE = "Taeho-iOSTests/Info.plist";
				LD_RUNPATH_SEARCH_PATHS = (
					"$(inherited)",
					"@executable_path/Frameworks",
					"@loader_path/Frameworks",
				);
				PRODUCT_BUNDLE_IDENTIFIER = "io.taeho.family.Taeho-iOSTests";
				PRODUCT_NAME = "$(TARGET_NAME)";
				SWIFT_VERSION = 4.2;
				TARGETED_DEVICE_FAMILY = "1,2";
				TEST_HOST = "$(BUILT_PRODUCTS_DIR)/Taeho-iOS.app/Taeho-iOS";
			};
			name = Debug;
		};
		74D568E821E043E700E6B6E7 /* Release */ = {
			isa = XCBuildConfiguration;
			baseConfigurationReference = 6A922916C78C044FBE5BFF37 /* Pods-Taeho-iOSTests.release.xcconfig */;
			buildSettings = {
				ALWAYS_EMBED_SWIFT_STANDARD_LIBRARIES = YES;
				BUNDLE_LOADER = "$(TEST_HOST)";
				CODE_SIGN_STYLE = Automatic;
				DEVELOPMENT_TEAM = 729QK9WGMT;
				INFOPLIST_FILE = "Taeho-iOSTests/Info.plist";
				LD_RUNPATH_SEARCH_PATHS = (
					"$(inherited)",
					"@executable_path/Frameworks",
					"@loader_path/Frameworks",
				);
				PRODUCT_BUNDLE_IDENTIFIER = "io.taeho.family.Taeho-iOSTests";
				PRODUCT_NAME = "$(TARGET_NAME)";
				SWIFT_VERSION = 4.2;
				TARGETED_DEVICE_FAMILY = "1,2";
				TEST_HOST = "$(BUILT_PRODUCTS_DIR)/Taeho-iOS.app/Taeho-iOS";
			};
			name = Release;
		};
		74D568EA21E043E700E6B6E7 /* Debug */ = {
			isa = XCBuildConfiguration;
			baseConfigurationReference = 533A2DB9BAB7208E7F7111DA /* Pods-Taeho-iOSUITests.debug.xcconfig */;
			buildSettings = {
				ALWAYS_EMBED_SWIFT_STANDARD_LIBRARIES = YES;
				CODE_SIGN_STYLE = Automatic;
				DEVELOPMENT_TEAM = 729QK9WGMT;
				INFOPLIST_FILE = "Taeho-iOSUITests/Info.plist";
				LD_RUNPATH_SEARCH_PATHS = (
					"$(inherited)",
					"@executable_path/Frameworks",
					"@loader_path/Frameworks",
				);
				PRODUCT_BUNDLE_IDENTIFIER = "io.taeho.family.Taeho-iOSUITests";
				PRODUCT_NAME = "$(TARGET_NAME)";
				SWIFT_VERSION = 4.2;
				TARGETED_DEVICE_FAMILY = "1,2";
				TEST_TARGET_NAME = "Taeho-iOS";
			};
			name = Debug;
		};
		74D568EB21E043E700E6B6E7 /* Release */ = {
			isa = XCBuildConfiguration;
			baseConfigurationReference = CB39691644D86BF4FF734CC0 /* Pods-Taeho-iOSUITests.release.xcconfig */;
			buildSettings = {
				ALWAYS_EMBED_SWIFT_STANDARD_LIBRARIES = YES;
				CODE_SIGN_STYLE = Automatic;
				DEVELOPMENT_TEAM = 729QK9WGMT;
				INFOPLIST_FILE = "Taeho-iOSUITests/Info.plist";
				LD_RUNPATH_SEARCH_PATHS = (
					"$(inherited)",
					"@executable_path/Frameworks",
					"@loader_path/Frameworks",
				);
				PRODUCT_BUNDLE_IDENTIFIER = "io.taeho.family.Taeho-iOSUITests";
				PRODUCT_NAME = "$(TARGET_NAME)";
				SWIFT_VERSION = 4.2;
				TARGETED_DEVICE_FAMILY = "1,2";
				TEST_TARGET_NAME = "Taeho-iOS";
			};
			name = Release;
		};
/* End XCBuildConfiguration section */

/* Begin XCConfigurationList section */
		74D568B621E043E500E6B6E7 /* Build configuration list for PBXProject "Taeho-iOS" */ = {
			isa = XCConfigurationList;
			buildConfigurations = (
				74D568E121E043E700E6B6E7 /* Debug */,
				74D568E221E043E700E6B6E7 /* Release */,
			);
			defaultConfigurationIsVisible = 0;
			defaultConfigurationName = Release;
		};
		74D568E321E043E700E6B6E7 /* Build configuration list for PBXNativeTarget "Taeho-iOS" */ = {
			isa = XCConfigurationList;
			buildConfigurations = (
				74D568E421E043E700E6B6E7 /* Debug */,
				74D568E521E043E700E6B6E7 /* Release */,
			);
			defaultConfigurationIsVisible = 0;
			defaultConfigurationName = Release;
		};
		74D568E621E043E700E6B6E7 /* Build configuration list for PBXNativeTarget "Taeho-iOSTests" */ = {
			isa = XCConfigurationList;
			buildConfigurations = (
				74D568E721E043E700E6B6E7 /* Debug */,
				74D568E821E043E700E6B6E7 /* Release */,
			);
			defaultConfigurationIsVisible = 0;
			defaultConfigurationName = Release;
		};
		74D568E921E043E700E6B6E7 /* Build configuration list for PBXNativeTarget "Taeho-iOSUITests" */ = {
			isa = XCConfigurationList;
			buildConfigurations = (
				74D568EA21E043E700E6B6E7 /* Debug */,
				74D568EB21E043E700E6B6E7 /* Release */,
			);
			defaultConfigurationIsVisible = 0;
			defaultConfigurationName = Release;
		};
/* End XCConfigurationList section */
	};
	rootObject = 74D568B321E043E500E6B6E7 /* Project object */;
}
